
Microsoft Visual Studio Solution File, Format Version 12.00
# Visual Studio Version 17
VisualStudioVersion = 17.8.34330.188
MinimumVisualStudioVersion = 10.0.40219.1
Project("{FAE04EC0-301F-11D3-BF4B-00C04F79EFBC}") = "MvcApiClientOAuth", "MvcApiClientOAuth\MvcApiClientOAuth.csproj", "{8894383B-C8E6-4354-A92C-19155F6CF95A}"
EndProject
Global
	GlobalSection(SolutionConfigurationPlatforms) = preSolution
		Debug|Any CPU = Debug|Any CPU
		Release|Any CPU = Release|Any CPU
	EndGlobalSection
	GlobalSection(ProjectConfigurationPlatforms) = postSolution
		{8894383B-C8E6-4354-A92C-19155F6CF95A}.Debug|Any CPU.ActiveCfg = Debug|Any CPU
		{8894383B-C8E6-4354-A92C-19155F6CF95A}.Debug|Any CPU.Build.0 = Debug|Any CPU
		{8894383B-C8E6-4354-A92C-19155F6CF95A}.Release|Any CPU.ActiveCfg = Release|Any CPU
		{8894383B-C8E6-4354-A92C-19155F6CF95A}.Release|Any CPU.Build.0 = Release|Any CPU
	EndGlobalSection
	GlobalSection(SolutionProperties) = preSolution
		HideSolutionNode = FALSE
	EndGlobalSection
	GlobalSection(ExtensibilityGlobals) = postSolution
		SolutionGuid = {C71D597C-2CD2-4D4D-B2BD-BCF8213905D1}
	EndGlobalSection
EndGlobal
